<?xml version="1.0" encoding="utf-8"?>
<Project ToolsVersion="4.0" xmlns="http://schemas.microsoft.com/developer/msbuild/2003">
  <ItemGroup>
    <Filter Include="Headers">
      <UniqueIdentifier>{0bae2a24-f533-4ea3-b6b4-2519100f05da}</UniqueIdentifier>
    </Filter>
    <Filter Include="Sources">
      <UniqueIdentifier>{8e036f72-f82f-4ee5-b2be-6edb60796809}</UniqueIdentifier>
    </Filter>
  </ItemGroup>
  <ItemGroup>
    <ClInclude Include="..\lua-module\API.h">
      <Filter>Headers</Filter>
    </ClInclude>
    <ClInclude Include="..\lua-module\SResource.h">
      <Filter>Headers</Filter>
    </ClInclude>
    <ClInclude Include="..\lua-module\stdafx.h">
      <Filter>Headers</Filter>
    </ClInclude>
  </ItemGroup>
  <ItemGroup>
    <ClCompile Include="..\lua-module\SResource.cpp">
      <Filter>Sources</Filter>
    </ClCompile>
    <ClCompile Include="..\lua-module\ls_mysql.cpp">
      <Filter>Sources</Filter>
    </ClCompile>
    <ClCompile Include="..\lua-module\lua_Blips.cpp">
      <Filter>Sources</Filter>
    </ClCompile>
    <ClCompile Include="..\lua-module\lua_Main.cpp">
      <Filter>Sources</Filter>
    </ClCompile>
    <ClCompile Include="..\lua-module\lua_Player.cpp">
      <Filter>Sources</Filter>
    </ClCompile>
    <ClCompile Include="..\lua-module\lua-module.cpp">
      <Filter>Sources</Filter>
    </ClCompile>
    <ClCompile Include="..\lua-module\luasql.cpp">
      <Filter>Sources</Filter>
    </ClCompile>
  </ItemGroup>
</Project>