<?xml version="1.0" encoding="utf-8"?>
<Project ToolsVersion="4.0" xmlns="http://schemas.microsoft.com/developer/msbuild/2003">
  <ItemGroup>
    <Filter Include="Source Files">
      <UniqueIdentifier>{75ff3dcf-4365-4667-8d92-7cb5faaaf9c2}</UniqueIdentifier>
    </Filter>
    <Filter Include="Source Files\Net">
      <UniqueIdentifier>{ee181eb5-e84f-4464-b0f3-e13b40cc5ca6}</UniqueIdentifier>
    </Filter>
    <Filter Include="Source Files\Interface">
      <UniqueIdentifier>{78facad3-3619-4207-ba3c-24223bab0c65}</UniqueIdentifier>
    </Filter>
    <Filter Include="Source Files\Modification">
      <UniqueIdentifier>{22572701-4f86-47d0-ac68-b8dd5f445136}</UniqueIdentifier>
    </Filter>
    <Filter Include="Source Files\Function">
      <UniqueIdentifier>{5007e35e-439f-4c74-9beb-587d930a78d7}</UniqueIdentifier>
    </Filter>
    <Filter Include="Header Files">
      <UniqueIdentifier>{fbd3b0dc-0b44-4b23-8e61-5cf84c6443ac}</UniqueIdentifier>
    </Filter>
    <Filter Include="Header Files\Common">
      <UniqueIdentifier>{13b3ce77-fdfe-45c8-a489-0d514fa29c97}</UniqueIdentifier>
    </Filter>
    <Filter Include="Header Files\Function">
      <UniqueIdentifier>{4a1544b0-e1a5-40e7-b9a5-bb20ce72da8a}</UniqueIdentifier>
    </Filter>
    <Filter Include="Header Files\Interface">
      <UniqueIdentifier>{c46b6efb-ef68-42cc-bbb0-840a6ca59e46}</UniqueIdentifier>
    </Filter>
    <Filter Include="Header Files\Modification">
      <UniqueIdentifier>{2839d207-82f5-492d-8585-f7e443391a11}</UniqueIdentifier>
    </Filter>
    <Filter Include="Header Files\Net">
      <UniqueIdentifier>{a17e17ad-4621-4332-b7da-0bd4eb0bfee8}</UniqueIdentifier>
    </Filter>
    <Filter Include="Shared">
      <UniqueIdentifier>{94ae9719-62ca-4b84-8c0a-90014ef0402f}</UniqueIdentifier>
    </Filter>
    <Filter Include="Source Files\Hooking">
      <UniqueIdentifier>{2852ff0d-b9b7-47b9-9af6-c31fab60d9e7}</UniqueIdentifier>
    </Filter>
    <Filter Include="Header Files\Hooking">
      <UniqueIdentifier>{b5142813-dc6c-43f9-9d6c-bbf060fd6fc8}</UniqueIdentifier>
    </Filter>
    <Filter Include="Source Files\Common">
      <UniqueIdentifier>{1565938b-813b-4225-9282-06c50f7d5fd5}</UniqueIdentifier>
    </Filter>
  </ItemGroup>
  <ItemGroup>
    <ClCompile Include="dllmain.cpp">
      <Filter>Source Files\Common</Filter>
    </ClCompile>
    <ClCompile Include="main.cpp">
      <Filter>Source Files\Common</Filter>
    </ClCompile>
    <ClCompile Include="Commands.cpp">
      <Filter>Source Files\Modification</Filter>
    </ClCompile>
    <ClCompile Include="CLocalPlayer.cpp">
      <Filter>Source Files\Net</Filter>
    </ClCompile>
    <ClCompile Include="CPedestrian.cpp">
      <Filter>Source Files\Net</Filter>
    </ClCompile>
    <ClCompile Include="CEntity.cpp">
      <Filter>Source Files\Net</Filter>
    </ClCompile>
    <ClCompile Include="CNetworkPlayer.cpp">
      <Filter>Source Files\Net</Filter>
    </ClCompile>
    <ClCompile Include="GameScripts.cpp">
      <Filter>Source Files\Modification</Filter>
    </ClCompile>
    <ClCompile Include="stdafx.cpp">
      <Filter>Source Files\Common</Filter>
    </ClCompile>
    <ClCompile Include="CVehicle.cpp">
      <Filter>Source Files\Net</Filter>
    </ClCompile>
    <ClCompile Include="CChat.cpp">
      <Filter>Source Files\Interface</Filter>
    </ClCompile>
    <ClCompile Include="CGraphics.cpp">
      <Filter>Source Files\Interface</Filter>
    </ClCompile>
    <ClCompile Include="CUI.cpp">
      <Filter>Source Files\Interface</Filter>
    </ClCompile>
    <ClCompile Include="CNetworkConnection.cpp">
      <Filter>Source Files\Net</Filter>
    </ClCompile>
    <ClCompile Include="Memory.cpp">
      <Filter>Source Files\Hooking</Filter>
    </ClCompile>
    <ClCompile Include="Utils.cpp">
      <Filter>Source Files\Common</Filter>
    </ClCompile>
    <ClCompile Include="CConfig.cpp">
      <Filter>Source Files\Common</Filter>
    </ClCompile>
    <ClCompile Include="Functions.cpp">
      <Filter>Source Files\Function</Filter>
    </ClCompile>
    <ClCompile Include="CRPCPlugin.cpp">
      <Filter>Source Files\Function</Filter>
    </ClCompile>
  </ItemGroup>
  <ItemGroup>
    <ClInclude Include="stdafx.h">
      <Filter>Header Files\Common</Filter>
    </ClInclude>
    <ClInclude Include="main.h">
      <Filter>Header Files\Common</Filter>
    </ClInclude>
    <ClInclude Include="Commands.h">
      <Filter>Header Files\Modification</Filter>
    </ClInclude>
    <ClInclude Include="..\..\Shared\NetworkTypes.h">
      <Filter>Shared</Filter>
    </ClInclude>
    <ClInclude Include="..\..\Shared\CommonEnums.h">
      <Filter>Shared</Filter>
    </ClInclude>
    <ClInclude Include="..\..\Shared\CVector3.h">
      <Filter>Shared</Filter>
    </ClInclude>
    <ClInclude Include="..\..\Shared\CMath.h">
      <Filter>Shared</Filter>
    </ClInclude>
    <ClInclude Include="CLocalPlayer.h">
      <Filter>Header Files\Net</Filter>
    </ClInclude>
    <ClInclude Include="CPedestrian.h">
      <Filter>Header Files\Net</Filter>
    </ClInclude>
    <ClInclude Include="CEntity.h">
      <Filter>Header Files\Net</Filter>
    </ClInclude>
    <ClInclude Include="CNetworkPlayer.h">
      <Filter>Header Files\Net</Filter>
    </ClInclude>
    <ClInclude Include="GameScripts.h">
      <Filter>Header Files\Modification</Filter>
    </ClInclude>
    <ClInclude Include="CVehicle.h">
      <Filter>Header Files\Net</Filter>
    </ClInclude>
    <ClInclude Include="CChat.h">
      <Filter>Header Files\Interface</Filter>
    </ClInclude>
    <ClInclude Include="CGraphics.h">
      <Filter>Header Files\Interface</Filter>
    </ClInclude>
    <ClInclude Include="CUI.h">
      <Filter>Header Files\Interface</Filter>
    </ClInclude>
    <ClInclude Include="CNetworkConnection.h">
      <Filter>Header Files\Net</Filter>
    </ClInclude>
    <ClInclude Include="Memory.h">
      <Filter>Header Files\Hooking</Filter>
    </ClInclude>
    <ClInclude Include="CNetworkVehicle.h">
      <Filter>Header Files\Net</Filter>
    </ClInclude>
    <ClInclude Include="Utils.h">
      <Filter>Header Files\Common</Filter>
    </ClInclude>
    <ClInclude Include="..\..\..\LILMP2\Client\Models.h">
      <Filter>Shared</Filter>
    </ClInclude>
    <ClInclude Include="CConfig.h">
      <Filter>Header Files\Common</Filter>
    </ClInclude>
    <ClInclude Include="Functions.h">
      <Filter>Header Files\Function</Filter>
    </ClInclude>
    <ClInclude Include="CRPCPlugin.h">
      <Filter>Header Files\Function</Filter>
    </ClInclude>
  </ItemGroup>
</Project>