
Microsoft Visual Studio Solution File, Format Version 12.00
# Visual Studio 14
VisualStudioVersion = 14.0.25420.1
MinimumVisualStudioVersion = 10.0.40219.1
Project("{8BC9CEB8-8B4A-11D0-8D11-00A0C91BC942}") = "Client", "Client\Client.vcxproj", "{05C92719-05C7-4DED-9024-5489640AD286}"
	ProjectSection(ProjectDependencies) = postProject
		{5752EE06-BA85-45C6-8141-2D0FC2E19B95} = {5752EE06-BA85-45C6-8141-2D0FC2E19B95}
		{D578244B-91CE-414F-8279-6E39212FF632} = {D578244B-91CE-414F-8279-6E39212FF632}
	EndProjectSection
EndProject
Project("{8BC9CEB8-8B4A-11D0-8D11-00A0C91BC942}") = "Server", "Server\Server.vcxproj", "{11DAC5C3-DF35-4E52-BCA3-65FE3FC08884}"
	ProjectSection(ProjectDependencies) = postProject
		{5752EE06-BA85-45C6-8141-2D0FC2E19B95} = {5752EE06-BA85-45C6-8141-2D0FC2E19B95}
		{D578244B-91CE-414F-8279-6E39212FF632} = {D578244B-91CE-414F-8279-6E39212FF632}
		{D1C528B6-AA02-4D29-9D61-DC08E317A70D} = {D1C528B6-AA02-4D29-9D61-DC08E317A70D}
	EndProjectSection
EndProject
Project("{2150E333-8FDC-42A3-9474-1A3956D46DE8}") = "Third-party", "Third-party", "{A71FC343-6712-4154-BB6A-668D7B083F92}"
EndProject
Project("{8BC9CEB8-8B4A-11D0-8D11-00A0C91BC942}") = "RakNet", "RakNet\RakNet.vcxproj", "{D578244B-91CE-414F-8279-6E39212FF632}"
EndProject
Project("{8BC9CEB8-8B4A-11D0-8D11-00A0C91BC942}") = "ScriptHookV", "ScriptHookV\ScriptHookV.vcxproj", "{5752EE06-BA85-45C6-8141-2D0FC2E19B95}"
EndProject
Project("{8BC9CEB8-8B4A-11D0-8D11-00A0C91BC942}") = "tinyxml2", "tinyxml2-4.0.1\tinyxml2\tinyxml2.vcxproj", "{D1C528B6-AA02-4D29-9D61-DC08E317A70D}"
EndProject
Project("{8BC9CEB8-8B4A-11D0-8D11-00A0C91BC942}") = "python", "python\python.vcxproj", "{8CBACC5E-625E-4703-8C27-BE5F2A0373E3}"
EndProject
Project("{8BC9CEB8-8B4A-11D0-8D11-00A0C91BC942}") = "Launcher", "Launcher\Launcher.vcxproj", "{AE03790D-C643-4DE6-ACD7-B1B6E5664E26}"
EndProject
Global
	GlobalSection(SolutionConfigurationPlatforms) = preSolution
		Debug|x64 = Debug|x64
		Debug|x86 = Debug|x86
		Release|x64 = Release|x64
		Release|x86 = Release|x86
	EndGlobalSection
	GlobalSection(ProjectConfigurationPlatforms) = postSolution
		{05C92719-05C7-4DED-9024-5489640AD286}.Debug|x64.ActiveCfg = Debug|x64
		{05C92719-05C7-4DED-9024-5489640AD286}.Debug|x64.Build.0 = Debug|x64
		{05C92719-05C7-4DED-9024-5489640AD286}.Debug|x86.ActiveCfg = Release|x64
		{05C92719-05C7-4DED-9024-5489640AD286}.Debug|x86.Build.0 = Release|x64
		{05C92719-05C7-4DED-9024-5489640AD286}.Release|x64.ActiveCfg = Release|x64
		{05C92719-05C7-4DED-9024-5489640AD286}.Release|x64.Build.0 = Release|x64
		{05C92719-05C7-4DED-9024-5489640AD286}.Release|x86.ActiveCfg = Release|x64
		{11DAC5C3-DF35-4E52-BCA3-65FE3FC08884}.Debug|x64.ActiveCfg = Debug|x64
		{11DAC5C3-DF35-4E52-BCA3-65FE3FC08884}.Debug|x64.Build.0 = Debug|x64
		{11DAC5C3-DF35-4E52-BCA3-65FE3FC08884}.Debug|x86.ActiveCfg = Release|Win32
		{11DAC5C3-DF35-4E52-BCA3-65FE3FC08884}.Debug|x86.Build.0 = Release|Win32
		{11DAC5C3-DF35-4E52-BCA3-65FE3FC08884}.Release|x64.ActiveCfg = Release|x64
		{11DAC5C3-DF35-4E52-BCA3-65FE3FC08884}.Release|x64.Build.0 = Release|x64
		{11DAC5C3-DF35-4E52-BCA3-65FE3FC08884}.Release|x86.ActiveCfg = Release|Win32
		{11DAC5C3-DF35-4E52-BCA3-65FE3FC08884}.Release|x86.Build.0 = Release|Win32
		{D578244B-91CE-414F-8279-6E39212FF632}.Debug|x64.ActiveCfg = Debug|x64
		{D578244B-91CE-414F-8279-6E39212FF632}.Debug|x64.Build.0 = Debug|x64
		{D578244B-91CE-414F-8279-6E39212FF632}.Debug|x86.ActiveCfg = Debug|Win32
		{D578244B-91CE-414F-8279-6E39212FF632}.Debug|x86.Build.0 = Debug|Win32
		{D578244B-91CE-414F-8279-6E39212FF632}.Release|x64.ActiveCfg = Release|x64
		{D578244B-91CE-414F-8279-6E39212FF632}.Release|x64.Build.0 = Release|x64
		{D578244B-91CE-414F-8279-6E39212FF632}.Release|x86.ActiveCfg = Release|Win32
		{D578244B-91CE-414F-8279-6E39212FF632}.Release|x86.Build.0 = Release|Win32
		{5752EE06-BA85-45C6-8141-2D0FC2E19B95}.Debug|x64.ActiveCfg = Debug|x64
		{5752EE06-BA85-45C6-8141-2D0FC2E19B95}.Debug|x64.Build.0 = Debug|x64
		{5752EE06-BA85-45C6-8141-2D0FC2E19B95}.Debug|x86.ActiveCfg = Debug|Win32
		{5752EE06-BA85-45C6-8141-2D0FC2E19B95}.Debug|x86.Build.0 = Debug|Win32
		{5752EE06-BA85-45C6-8141-2D0FC2E19B95}.Release|x64.ActiveCfg = Release|x64
		{5752EE06-BA85-45C6-8141-2D0FC2E19B95}.Release|x64.Build.0 = Release|x64
		{5752EE06-BA85-45C6-8141-2D0FC2E19B95}.Release|x86.ActiveCfg = Release|Win32
		{5752EE06-BA85-45C6-8141-2D0FC2E19B95}.Release|x86.Build.0 = Release|Win32
		{D1C528B6-AA02-4D29-9D61-DC08E317A70D}.Debug|x64.ActiveCfg = Debug|x64
		{D1C528B6-AA02-4D29-9D61-DC08E317A70D}.Debug|x64.Build.0 = Debug|x64
		{D1C528B6-AA02-4D29-9D61-DC08E317A70D}.Debug|x86.ActiveCfg = Debug|Win32
		{D1C528B6-AA02-4D29-9D61-DC08E317A70D}.Debug|x86.Build.0 = Debug|Win32
		{D1C528B6-AA02-4D29-9D61-DC08E317A70D}.Release|x64.ActiveCfg = Release|x64
		{D1C528B6-AA02-4D29-9D61-DC08E317A70D}.Release|x64.Build.0 = Release|x64
		{D1C528B6-AA02-4D29-9D61-DC08E317A70D}.Release|x86.ActiveCfg = Release|Win32
		{D1C528B6-AA02-4D29-9D61-DC08E317A70D}.Release|x86.Build.0 = Release|Win32
		{8CBACC5E-625E-4703-8C27-BE5F2A0373E3}.Debug|x64.ActiveCfg = Debug|x64
		{8CBACC5E-625E-4703-8C27-BE5F2A0373E3}.Debug|x64.Build.0 = Debug|x64
		{8CBACC5E-625E-4703-8C27-BE5F2A0373E3}.Debug|x86.ActiveCfg = Debug|Win32
		{8CBACC5E-625E-4703-8C27-BE5F2A0373E3}.Debug|x86.Build.0 = Debug|Win32
		{8CBACC5E-625E-4703-8C27-BE5F2A0373E3}.Release|x64.ActiveCfg = Release|x64
		{8CBACC5E-625E-4703-8C27-BE5F2A0373E3}.Release|x64.Build.0 = Release|x64
		{8CBACC5E-625E-4703-8C27-BE5F2A0373E3}.Release|x86.ActiveCfg = Release|Win32
		{8CBACC5E-625E-4703-8C27-BE5F2A0373E3}.Release|x86.Build.0 = Release|Win32
		{AE03790D-C643-4DE6-ACD7-B1B6E5664E26}.Debug|x64.ActiveCfg = Debug|x64
		{AE03790D-C643-4DE6-ACD7-B1B6E5664E26}.Debug|x64.Build.0 = Debug|x64
		{AE03790D-C643-4DE6-ACD7-B1B6E5664E26}.Debug|x86.ActiveCfg = Debug|x64
		{AE03790D-C643-4DE6-ACD7-B1B6E5664E26}.Release|x64.ActiveCfg = Release|x64
		{AE03790D-C643-4DE6-ACD7-B1B6E5664E26}.Release|x64.Build.0 = Release|x64
		{AE03790D-C643-4DE6-ACD7-B1B6E5664E26}.Release|x86.ActiveCfg = Debug|x64
		{AE03790D-C643-4DE6-ACD7-B1B6E5664E26}.Release|x86.Build.0 = Debug|x64
	EndGlobalSection
	GlobalSection(SolutionProperties) = preSolution
		HideSolutionNode = FALSE
	EndGlobalSection
	GlobalSection(NestedProjects) = preSolution
		{D578244B-91CE-414F-8279-6E39212FF632} = {A71FC343-6712-4154-BB6A-668D7B083F92}
		{5752EE06-BA85-45C6-8141-2D0FC2E19B95} = {A71FC343-6712-4154-BB6A-668D7B083F92}
		{D1C528B6-AA02-4D29-9D61-DC08E317A70D} = {A71FC343-6712-4154-BB6A-668D7B083F92}
		{8CBACC5E-625E-4703-8C27-BE5F2A0373E3} = {A71FC343-6712-4154-BB6A-668D7B083F92}
	EndGlobalSection
EndGlobal
