
Microsoft Visual Studio Solution File, Format Version 12.00
# Visual Studio 14
VisualStudioVersion = 14.0.25123.0
MinimumVisualStudioVersion = 10.0.40219.1
Project("{8BC9CEB8-8B4A-11D0-8D11-00A0C91BC942}") = "Server", "Server\Server.vcxproj", "{11DAC5C3-DF35-4E52-BCA3-65FE3FC08884}"
	ProjectSection(ProjectDependencies) = postProject
		{D578244B-91CE-414F-8279-6E39212FF632} = {D578244B-91CE-414F-8279-6E39212FF632}
		{D1C528B6-AA02-4D29-9D61-DC08E317A70D} = {D1C528B6-AA02-4D29-9D61-DC08E317A70D}
	EndProjectSection
EndProject
Project("{2150E333-8FDC-42A3-9474-1A3956D46DE8}") = "Third-party", "Third-party", "{A71FC343-6712-4154-BB6A-668D7B083F92}"
EndProject
Project("{8BC9CEB8-8B4A-11D0-8D11-00A0C91BC942}") = "RakNet", "RakNet\RakNet.vcxproj", "{D578244B-91CE-414F-8279-6E39212FF632}"
EndProject
Project("{8BC9CEB8-8B4A-11D0-8D11-00A0C91BC942}") = "tinyxml2", "tinyxml2-4.0.1\tinyxml2\tinyxml2.vcxproj", "{D1C528B6-AA02-4D29-9D61-DC08E317A70D}"
EndProject
Project("{8BC9CEB8-8B4A-11D0-8D11-00A0C91BC942}") = "python", "python\python.vcxproj", "{8CBACC5E-625E-4703-8C27-BE5F2A0373E3}"
EndProject
Project("{8BC9CEB8-8B4A-11D0-8D11-00A0C91BC942}") = "Launcher", "Launcher\Launcher.vcxproj", "{AE03790D-C643-4DE6-ACD7-B1B6E5664E26}"
EndProject
Project("{8BC9CEB8-8B4A-11D0-8D11-00A0C91BC942}") = "Subprocess", "Subprocess\Subprocess.vcxproj", "{E90772F2-EC58-4855-88EC-42DFC1F3DC4E}"
EndProject
Project("{8BC9CEB8-8B4A-11D0-8D11-00A0C91BC942}") = "python-module", "python-module\python-module.vcxproj", "{4740EEB7-B7EA-47F0-81DF-BF2F770DBA14}"
EndProject
Project("{8BC9CEB8-8B4A-11D0-8D11-00A0C91BC942}") = "lua-module", "lua-module\lua-module.vcxproj", "{EF3508BB-D71E-488D-8CAA-19B0FEAADFB8}"
EndProject
Project("{8BC9CEB8-8B4A-11D0-8D11-00A0C91BC942}") = "LUA", "LUA\LUA.vcxproj", "{E27DEB82-20F2-4A07-AEAC-48D8FB118DC6}"
EndProject
Global
	GlobalSection(SolutionConfigurationPlatforms) = preSolution
		Debug|ARM = Debug|ARM
		Debug|x64 = Debug|x64
		Debug|x86 = Debug|x86
		Release|ARM = Release|ARM
		Release|x64 = Release|x64
		Release|x86 = Release|x86
	EndGlobalSection
	GlobalSection(ProjectConfigurationPlatforms) = postSolution
		{11DAC5C3-DF35-4E52-BCA3-65FE3FC08884}.Debug|ARM.ActiveCfg = Debug|Win32
		{11DAC5C3-DF35-4E52-BCA3-65FE3FC08884}.Debug|x64.ActiveCfg = Debug|x64
		{11DAC5C3-DF35-4E52-BCA3-65FE3FC08884}.Debug|x64.Build.0 = Debug|x64
		{11DAC5C3-DF35-4E52-BCA3-65FE3FC08884}.Debug|x86.ActiveCfg = Release|Win32
		{11DAC5C3-DF35-4E52-BCA3-65FE3FC08884}.Debug|x86.Build.0 = Release|Win32
		{11DAC5C3-DF35-4E52-BCA3-65FE3FC08884}.Release|ARM.ActiveCfg = Release|Win32
		{11DAC5C3-DF35-4E52-BCA3-65FE3FC08884}.Release|x64.ActiveCfg = Release|x64
		{11DAC5C3-DF35-4E52-BCA3-65FE3FC08884}.Release|x64.Build.0 = Release|x64
		{11DAC5C3-DF35-4E52-BCA3-65FE3FC08884}.Release|x86.ActiveCfg = Release|Win32
		{11DAC5C3-DF35-4E52-BCA3-65FE3FC08884}.Release|x86.Build.0 = Release|Win32
		{D578244B-91CE-414F-8279-6E39212FF632}.Debug|ARM.ActiveCfg = Debug|Win32
		{D578244B-91CE-414F-8279-6E39212FF632}.Debug|x64.ActiveCfg = Debug|x64
		{D578244B-91CE-414F-8279-6E39212FF632}.Debug|x64.Build.0 = Debug|x64
		{D578244B-91CE-414F-8279-6E39212FF632}.Debug|x86.ActiveCfg = Debug|Win32
		{D578244B-91CE-414F-8279-6E39212FF632}.Debug|x86.Build.0 = Debug|Win32
		{D578244B-91CE-414F-8279-6E39212FF632}.Release|ARM.ActiveCfg = Release|Win32
		{D578244B-91CE-414F-8279-6E39212FF632}.Release|x64.ActiveCfg = Release|x64
		{D578244B-91CE-414F-8279-6E39212FF632}.Release|x64.Build.0 = Release|x64
		{D578244B-91CE-414F-8279-6E39212FF632}.Release|x86.ActiveCfg = Release|Win32
		{D578244B-91CE-414F-8279-6E39212FF632}.Release|x86.Build.0 = Release|Win32
		{D1C528B6-AA02-4D29-9D61-DC08E317A70D}.Debug|ARM.ActiveCfg = Debug|Win32
		{D1C528B6-AA02-4D29-9D61-DC08E317A70D}.Debug|x64.ActiveCfg = Debug|x64
		{D1C528B6-AA02-4D29-9D61-DC08E317A70D}.Debug|x64.Build.0 = Debug|x64
		{D1C528B6-AA02-4D29-9D61-DC08E317A70D}.Debug|x86.ActiveCfg = Debug|Win32
		{D1C528B6-AA02-4D29-9D61-DC08E317A70D}.Debug|x86.Build.0 = Debug|Win32
		{D1C528B6-AA02-4D29-9D61-DC08E317A70D}.Release|ARM.ActiveCfg = Release|Win32
		{D1C528B6-AA02-4D29-9D61-DC08E317A70D}.Release|x64.ActiveCfg = Release|x64
		{D1C528B6-AA02-4D29-9D61-DC08E317A70D}.Release|x64.Build.0 = Release|x64
		{D1C528B6-AA02-4D29-9D61-DC08E317A70D}.Release|x86.ActiveCfg = Release|Win32
		{D1C528B6-AA02-4D29-9D61-DC08E317A70D}.Release|x86.Build.0 = Release|Win32
		{8CBACC5E-625E-4703-8C27-BE5F2A0373E3}.Debug|ARM.ActiveCfg = Debug|Win32
		{8CBACC5E-625E-4703-8C27-BE5F2A0373E3}.Debug|x64.ActiveCfg = Debug|x64
		{8CBACC5E-625E-4703-8C27-BE5F2A0373E3}.Debug|x64.Build.0 = Debug|x64
		{8CBACC5E-625E-4703-8C27-BE5F2A0373E3}.Debug|x86.ActiveCfg = Debug|Win32
		{8CBACC5E-625E-4703-8C27-BE5F2A0373E3}.Debug|x86.Build.0 = Debug|Win32
		{8CBACC5E-625E-4703-8C27-BE5F2A0373E3}.Release|ARM.ActiveCfg = Release|Win32
		{8CBACC5E-625E-4703-8C27-BE5F2A0373E3}.Release|x64.ActiveCfg = Release|x64
		{8CBACC5E-625E-4703-8C27-BE5F2A0373E3}.Release|x64.Build.0 = Release|x64
		{8CBACC5E-625E-4703-8C27-BE5F2A0373E3}.Release|x86.ActiveCfg = Release|Win32
		{8CBACC5E-625E-4703-8C27-BE5F2A0373E3}.Release|x86.Build.0 = Release|Win32
		{AE03790D-C643-4DE6-ACD7-B1B6E5664E26}.Debug|ARM.ActiveCfg = Debug|x64
		{AE03790D-C643-4DE6-ACD7-B1B6E5664E26}.Debug|x64.ActiveCfg = Debug|x64
		{AE03790D-C643-4DE6-ACD7-B1B6E5664E26}.Debug|x64.Build.0 = Debug|x64
		{AE03790D-C643-4DE6-ACD7-B1B6E5664E26}.Debug|x86.ActiveCfg = Debug|x64
		{AE03790D-C643-4DE6-ACD7-B1B6E5664E26}.Release|ARM.ActiveCfg = Release|x64
		{AE03790D-C643-4DE6-ACD7-B1B6E5664E26}.Release|x64.ActiveCfg = Release|x64
		{AE03790D-C643-4DE6-ACD7-B1B6E5664E26}.Release|x64.Build.0 = Release|x64
		{AE03790D-C643-4DE6-ACD7-B1B6E5664E26}.Release|x86.ActiveCfg = Debug|x64
		{AE03790D-C643-4DE6-ACD7-B1B6E5664E26}.Release|x86.Build.0 = Debug|x64
		{E90772F2-EC58-4855-88EC-42DFC1F3DC4E}.Debug|ARM.ActiveCfg = Debug|Win32
		{E90772F2-EC58-4855-88EC-42DFC1F3DC4E}.Debug|x64.ActiveCfg = Debug|x64
		{E90772F2-EC58-4855-88EC-42DFC1F3DC4E}.Debug|x64.Build.0 = Debug|x64
		{E90772F2-EC58-4855-88EC-42DFC1F3DC4E}.Debug|x86.ActiveCfg = Debug|Win32
		{E90772F2-EC58-4855-88EC-42DFC1F3DC4E}.Debug|x86.Build.0 = Debug|Win32
		{E90772F2-EC58-4855-88EC-42DFC1F3DC4E}.Release|ARM.ActiveCfg = Release|Win32
		{E90772F2-EC58-4855-88EC-42DFC1F3DC4E}.Release|x64.ActiveCfg = Release|x64
		{E90772F2-EC58-4855-88EC-42DFC1F3DC4E}.Release|x64.Build.0 = Release|x64
		{E90772F2-EC58-4855-88EC-42DFC1F3DC4E}.Release|x86.ActiveCfg = Release|Win32
		{E90772F2-EC58-4855-88EC-42DFC1F3DC4E}.Release|x86.Build.0 = Release|Win32
		{4740EEB7-B7EA-47F0-81DF-BF2F770DBA14}.Debug|ARM.ActiveCfg = Debug|Win32
		{4740EEB7-B7EA-47F0-81DF-BF2F770DBA14}.Debug|x64.ActiveCfg = Debug|x64
		{4740EEB7-B7EA-47F0-81DF-BF2F770DBA14}.Debug|x64.Build.0 = Debug|x64
		{4740EEB7-B7EA-47F0-81DF-BF2F770DBA14}.Debug|x86.ActiveCfg = Debug|Win32
		{4740EEB7-B7EA-47F0-81DF-BF2F770DBA14}.Debug|x86.Build.0 = Debug|Win32
		{4740EEB7-B7EA-47F0-81DF-BF2F770DBA14}.Release|ARM.ActiveCfg = Release|Win32
		{4740EEB7-B7EA-47F0-81DF-BF2F770DBA14}.Release|x64.ActiveCfg = Release|x64
		{4740EEB7-B7EA-47F0-81DF-BF2F770DBA14}.Release|x64.Build.0 = Release|x64
		{4740EEB7-B7EA-47F0-81DF-BF2F770DBA14}.Release|x86.ActiveCfg = Release|Win32
		{4740EEB7-B7EA-47F0-81DF-BF2F770DBA14}.Release|x86.Build.0 = Release|Win32
		{EF3508BB-D71E-488D-8CAA-19B0FEAADFB8}.Debug|ARM.ActiveCfg = Debug|Win32
		{EF3508BB-D71E-488D-8CAA-19B0FEAADFB8}.Debug|x64.ActiveCfg = Debug|x64
		{EF3508BB-D71E-488D-8CAA-19B0FEAADFB8}.Debug|x64.Build.0 = Debug|x64
		{EF3508BB-D71E-488D-8CAA-19B0FEAADFB8}.Debug|x86.ActiveCfg = Debug|Win32
		{EF3508BB-D71E-488D-8CAA-19B0FEAADFB8}.Debug|x86.Build.0 = Debug|Win32
		{EF3508BB-D71E-488D-8CAA-19B0FEAADFB8}.Release|ARM.ActiveCfg = Release|Win32
		{EF3508BB-D71E-488D-8CAA-19B0FEAADFB8}.Release|x64.ActiveCfg = Release|x64
		{EF3508BB-D71E-488D-8CAA-19B0FEAADFB8}.Release|x64.Build.0 = Release|x64
		{EF3508BB-D71E-488D-8CAA-19B0FEAADFB8}.Release|x86.ActiveCfg = Release|Win32
		{EF3508BB-D71E-488D-8CAA-19B0FEAADFB8}.Release|x86.Build.0 = Release|Win32
		{E27DEB82-20F2-4A07-AEAC-48D8FB118DC6}.Debug|ARM.ActiveCfg = Debug|ARM
		{E27DEB82-20F2-4A07-AEAC-48D8FB118DC6}.Debug|ARM.Build.0 = Debug|ARM
		{E27DEB82-20F2-4A07-AEAC-48D8FB118DC6}.Debug|x64.ActiveCfg = Debug|x64
		{E27DEB82-20F2-4A07-AEAC-48D8FB118DC6}.Debug|x64.Build.0 = Debug|x64
		{E27DEB82-20F2-4A07-AEAC-48D8FB118DC6}.Debug|x86.ActiveCfg = Debug|Win32
		{E27DEB82-20F2-4A07-AEAC-48D8FB118DC6}.Debug|x86.Build.0 = Debug|Win32
		{E27DEB82-20F2-4A07-AEAC-48D8FB118DC6}.Release|ARM.ActiveCfg = Release|ARM
		{E27DEB82-20F2-4A07-AEAC-48D8FB118DC6}.Release|ARM.Build.0 = Release|ARM
		{E27DEB82-20F2-4A07-AEAC-48D8FB118DC6}.Release|x64.ActiveCfg = Release|x64
		{E27DEB82-20F2-4A07-AEAC-48D8FB118DC6}.Release|x64.Build.0 = Release|x64
		{E27DEB82-20F2-4A07-AEAC-48D8FB118DC6}.Release|x86.ActiveCfg = Release|Win32
		{E27DEB82-20F2-4A07-AEAC-48D8FB118DC6}.Release|x86.Build.0 = Release|Win32
	EndGlobalSection
	GlobalSection(SolutionProperties) = preSolution
		HideSolutionNode = FALSE
	EndGlobalSection
	GlobalSection(NestedProjects) = preSolution
		{D578244B-91CE-414F-8279-6E39212FF632} = {A71FC343-6712-4154-BB6A-668D7B083F92}
		{D1C528B6-AA02-4D29-9D61-DC08E317A70D} = {A71FC343-6712-4154-BB6A-668D7B083F92}
		{8CBACC5E-625E-4703-8C27-BE5F2A0373E3} = {A71FC343-6712-4154-BB6A-668D7B083F92}
		{E27DEB82-20F2-4A07-AEAC-48D8FB118DC6} = {A71FC343-6712-4154-BB6A-668D7B083F92}
	EndGlobalSection
EndGlobal
