
Microsoft Visual Studio Solution File, Format Version 12.00
# Visual Studio 14
VisualStudioVersion = 14.0.25123.0
MinimumVisualStudioVersion = 10.0.40219.1
Project("{8BC9CEB8-8B4A-11D0-8D11-00A0C91BC942}") = "Server", "Server\Server.vcxproj", "{11DAC5C3-DF35-4E52-BCA3-65FE3FC08884}"
	ProjectSection(ProjectDependencies) = postProject
		{D578244B-91CE-414F-8279-6E39212FF632} = {D578244B-91CE-414F-8279-6E39212FF632}
		{D1C528B6-AA02-4D29-9D61-DC08E317A70D} = {D1C528B6-AA02-4D29-9D61-DC08E317A70D}
	EndProjectSection
EndProject
Project("{2150E333-8FDC-42A3-9474-1A3956D46DE8}") = "Third-party", "Third-party", "{A71FC343-6712-4154-BB6A-668D7B083F92}"
EndProject
Project("{8BC9CEB8-8B4A-11D0-8D11-00A0C91BC942}") = "RakNet", "RakNet\RakNet.vcxproj", "{D578244B-91CE-414F-8279-6E39212FF632}"
EndProject
Project("{8BC9CEB8-8B4A-11D0-8D11-00A0C91BC942}") = "tinyxml2", "tinyxml2-4.0.1\tinyxml2\tinyxml2.vcxproj", "{D1C528B6-AA02-4D29-9D61-DC08E317A70D}"
EndProject
Project("{8BC9CEB8-8B4A-11D0-8D11-00A0C91BC942}") = "python", "python\python.vcxproj", "{8CBACC5E-625E-4703-8C27-BE5F2A0373E3}"
EndProject
Project("{8BC9CEB8-8B4A-11D0-8D11-00A0C91BC942}") = "Launcher", "Launcher\Launcher.vcxproj", "{AE03790D-C643-4DE6-ACD7-B1B6E5664E26}"
EndProject
Project("{8BC9CEB8-8B4A-11D0-8D11-00A0C91BC942}") = "python-module", "python-module\python-module.vcxproj", "{4740EEB7-B7EA-47F0-81DF-BF2F770DBA14}"
EndProject
Project("{8BC9CEB8-8B4A-11D0-8D11-00A0C91BC942}") = "lua-module", "lua-module\lua-module.vcxproj", "{EF3508BB-D71E-488D-8CAA-19B0FEAADFB8}"
EndProject
Project("{8BC9CEB8-8B4A-11D0-8D11-00A0C91BC942}") = "CefSubProcess", "CefSubProcess\CefSubProcess.vcxproj", "{BF8F50A2-3794-4D4A-8B03-10783A4AA4B5}"
EndProject
Project("{2150E333-8FDC-42A3-9474-1A3956D46DE8}") = "Modules", "Modules", "{6A6CC2AD-D307-42B2-A565-86A850427F02}"
EndProject
Global
	GlobalSection(SolutionConfigurationPlatforms) = preSolution
		Debug|ARM = Debug|ARM
		Debug|x64 = Debug|x64
		Debug|x86 = Debug|x86
		MinSizeRel|ARM = MinSizeRel|ARM
		MinSizeRel|x64 = MinSizeRel|x64
		MinSizeRel|x86 = MinSizeRel|x86
		Release|ARM = Release|ARM
		Release|x64 = Release|x64
		Release|x86 = Release|x86
		RelWithDebInfo|ARM = RelWithDebInfo|ARM
		RelWithDebInfo|x64 = RelWithDebInfo|x64
		RelWithDebInfo|x86 = RelWithDebInfo|x86
	EndGlobalSection
	GlobalSection(ProjectConfigurationPlatforms) = postSolution
		{11DAC5C3-DF35-4E52-BCA3-65FE3FC08884}.Debug|ARM.ActiveCfg = Debug|Win32
		{11DAC5C3-DF35-4E52-BCA3-65FE3FC08884}.Debug|x64.ActiveCfg = Debug|x64
		{11DAC5C3-DF35-4E52-BCA3-65FE3FC08884}.Debug|x64.Build.0 = Debug|x64
		{11DAC5C3-DF35-4E52-BCA3-65FE3FC08884}.Debug|x86.ActiveCfg = Release|Win32
		{11DAC5C3-DF35-4E52-BCA3-65FE3FC08884}.Debug|x86.Build.0 = Release|Win32
		{11DAC5C3-DF35-4E52-BCA3-65FE3FC08884}.MinSizeRel|ARM.ActiveCfg = Release|x64
		{11DAC5C3-DF35-4E52-BCA3-65FE3FC08884}.MinSizeRel|ARM.Build.0 = Release|x64
		{11DAC5C3-DF35-4E52-BCA3-65FE3FC08884}.MinSizeRel|x64.ActiveCfg = Release|x64
		{11DAC5C3-DF35-4E52-BCA3-65FE3FC08884}.MinSizeRel|x64.Build.0 = Release|x64
		{11DAC5C3-DF35-4E52-BCA3-65FE3FC08884}.MinSizeRel|x86.ActiveCfg = Release|Win32
		{11DAC5C3-DF35-4E52-BCA3-65FE3FC08884}.MinSizeRel|x86.Build.0 = Release|Win32
		{11DAC5C3-DF35-4E52-BCA3-65FE3FC08884}.Release|ARM.ActiveCfg = Release|Win32
		{11DAC5C3-DF35-4E52-BCA3-65FE3FC08884}.Release|x64.ActiveCfg = Release|x64
		{11DAC5C3-DF35-4E52-BCA3-65FE3FC08884}.Release|x64.Build.0 = Release|x64
		{11DAC5C3-DF35-4E52-BCA3-65FE3FC08884}.Release|x86.ActiveCfg = Release|Win32
		{11DAC5C3-DF35-4E52-BCA3-65FE3FC08884}.Release|x86.Build.0 = Release|Win32
		{11DAC5C3-DF35-4E52-BCA3-65FE3FC08884}.RelWithDebInfo|ARM.ActiveCfg = Release|x64
		{11DAC5C3-DF35-4E52-BCA3-65FE3FC08884}.RelWithDebInfo|ARM.Build.0 = Release|x64
		{11DAC5C3-DF35-4E52-BCA3-65FE3FC08884}.RelWithDebInfo|x64.ActiveCfg = Release|x64
		{11DAC5C3-DF35-4E52-BCA3-65FE3FC08884}.RelWithDebInfo|x64.Build.0 = Release|x64
		{11DAC5C3-DF35-4E52-BCA3-65FE3FC08884}.RelWithDebInfo|x86.ActiveCfg = Release|Win32
		{11DAC5C3-DF35-4E52-BCA3-65FE3FC08884}.RelWithDebInfo|x86.Build.0 = Release|Win32
		{D578244B-91CE-414F-8279-6E39212FF632}.Debug|ARM.ActiveCfg = Debug|Win32
		{D578244B-91CE-414F-8279-6E39212FF632}.Debug|x64.ActiveCfg = Debug|x64
		{D578244B-91CE-414F-8279-6E39212FF632}.Debug|x64.Build.0 = Debug|x64
		{D578244B-91CE-414F-8279-6E39212FF632}.Debug|x86.ActiveCfg = Debug|Win32
		{D578244B-91CE-414F-8279-6E39212FF632}.Debug|x86.Build.0 = Debug|Win32
		{D578244B-91CE-414F-8279-6E39212FF632}.MinSizeRel|ARM.ActiveCfg = Release|x64
		{D578244B-91CE-414F-8279-6E39212FF632}.MinSizeRel|ARM.Build.0 = Release|x64
		{D578244B-91CE-414F-8279-6E39212FF632}.MinSizeRel|x64.ActiveCfg = Release|x64
		{D578244B-91CE-414F-8279-6E39212FF632}.MinSizeRel|x64.Build.0 = Release|x64
		{D578244B-91CE-414F-8279-6E39212FF632}.MinSizeRel|x86.ActiveCfg = Release|Win32
		{D578244B-91CE-414F-8279-6E39212FF632}.MinSizeRel|x86.Build.0 = Release|Win32
		{D578244B-91CE-414F-8279-6E39212FF632}.Release|ARM.ActiveCfg = Release|Win32
		{D578244B-91CE-414F-8279-6E39212FF632}.Release|x64.ActiveCfg = Release|x64
		{D578244B-91CE-414F-8279-6E39212FF632}.Release|x64.Build.0 = Release|x64
		{D578244B-91CE-414F-8279-6E39212FF632}.Release|x86.ActiveCfg = Release|Win32
		{D578244B-91CE-414F-8279-6E39212FF632}.Release|x86.Build.0 = Release|Win32
		{D578244B-91CE-414F-8279-6E39212FF632}.RelWithDebInfo|ARM.ActiveCfg = Release|x64
		{D578244B-91CE-414F-8279-6E39212FF632}.RelWithDebInfo|ARM.Build.0 = Release|x64
		{D578244B-91CE-414F-8279-6E39212FF632}.RelWithDebInfo|x64.ActiveCfg = Release|x64
		{D578244B-91CE-414F-8279-6E39212FF632}.RelWithDebInfo|x64.Build.0 = Release|x64
		{D578244B-91CE-414F-8279-6E39212FF632}.RelWithDebInfo|x86.ActiveCfg = Release|Win32
		{D578244B-91CE-414F-8279-6E39212FF632}.RelWithDebInfo|x86.Build.0 = Release|Win32
		{D1C528B6-AA02-4D29-9D61-DC08E317A70D}.Debug|ARM.ActiveCfg = Debug|Win32
		{D1C528B6-AA02-4D29-9D61-DC08E317A70D}.Debug|x64.ActiveCfg = Debug|x64
		{D1C528B6-AA02-4D29-9D61-DC08E317A70D}.Debug|x64.Build.0 = Debug|x64
		{D1C528B6-AA02-4D29-9D61-DC08E317A70D}.Debug|x86.ActiveCfg = Debug|Win32
		{D1C528B6-AA02-4D29-9D61-DC08E317A70D}.Debug|x86.Build.0 = Debug|Win32
		{D1C528B6-AA02-4D29-9D61-DC08E317A70D}.MinSizeRel|ARM.ActiveCfg = Release|x64
		{D1C528B6-AA02-4D29-9D61-DC08E317A70D}.MinSizeRel|ARM.Build.0 = Release|x64
		{D1C528B6-AA02-4D29-9D61-DC08E317A70D}.MinSizeRel|x64.ActiveCfg = Release|x64
		{D1C528B6-AA02-4D29-9D61-DC08E317A70D}.MinSizeRel|x64.Build.0 = Release|x64
		{D1C528B6-AA02-4D29-9D61-DC08E317A70D}.MinSizeRel|x86.ActiveCfg = Release|Win32
		{D1C528B6-AA02-4D29-9D61-DC08E317A70D}.MinSizeRel|x86.Build.0 = Release|Win32
		{D1C528B6-AA02-4D29-9D61-DC08E317A70D}.Release|ARM.ActiveCfg = Release|Win32
		{D1C528B6-AA02-4D29-9D61-DC08E317A70D}.Release|x64.ActiveCfg = Release|x64
		{D1C528B6-AA02-4D29-9D61-DC08E317A70D}.Release|x64.Build.0 = Release|x64
		{D1C528B6-AA02-4D29-9D61-DC08E317A70D}.Release|x86.ActiveCfg = Release|Win32
		{D1C528B6-AA02-4D29-9D61-DC08E317A70D}.Release|x86.Build.0 = Release|Win32
		{D1C528B6-AA02-4D29-9D61-DC08E317A70D}.RelWithDebInfo|ARM.ActiveCfg = Release|x64
		{D1C528B6-AA02-4D29-9D61-DC08E317A70D}.RelWithDebInfo|ARM.Build.0 = Release|x64
		{D1C528B6-AA02-4D29-9D61-DC08E317A70D}.RelWithDebInfo|x64.ActiveCfg = Release|x64
		{D1C528B6-AA02-4D29-9D61-DC08E317A70D}.RelWithDebInfo|x64.Build.0 = Release|x64
		{D1C528B6-AA02-4D29-9D61-DC08E317A70D}.RelWithDebInfo|x86.ActiveCfg = Release|Win32
		{D1C528B6-AA02-4D29-9D61-DC08E317A70D}.RelWithDebInfo|x86.Build.0 = Release|Win32
		{8CBACC5E-625E-4703-8C27-BE5F2A0373E3}.Debug|ARM.ActiveCfg = Debug|Win32
		{8CBACC5E-625E-4703-8C27-BE5F2A0373E3}.Debug|x64.ActiveCfg = Debug|x64
		{8CBACC5E-625E-4703-8C27-BE5F2A0373E3}.Debug|x64.Build.0 = Debug|x64
		{8CBACC5E-625E-4703-8C27-BE5F2A0373E3}.Debug|x86.ActiveCfg = Debug|Win32
		{8CBACC5E-625E-4703-8C27-BE5F2A0373E3}.Debug|x86.Build.0 = Debug|Win32
		{8CBACC5E-625E-4703-8C27-BE5F2A0373E3}.MinSizeRel|ARM.ActiveCfg = Release|x64
		{8CBACC5E-625E-4703-8C27-BE5F2A0373E3}.MinSizeRel|ARM.Build.0 = Release|x64
		{8CBACC5E-625E-4703-8C27-BE5F2A0373E3}.MinSizeRel|x64.ActiveCfg = Release|x64
		{8CBACC5E-625E-4703-8C27-BE5F2A0373E3}.MinSizeRel|x64.Build.0 = Release|x64
		{8CBACC5E-625E-4703-8C27-BE5F2A0373E3}.MinSizeRel|x86.ActiveCfg = Release|Win32
		{8CBACC5E-625E-4703-8C27-BE5F2A0373E3}.MinSizeRel|x86.Build.0 = Release|Win32
		{8CBACC5E-625E-4703-8C27-BE5F2A0373E3}.Release|ARM.ActiveCfg = Release|Win32
		{8CBACC5E-625E-4703-8C27-BE5F2A0373E3}.Release|x64.ActiveCfg = Release|x64
		{8CBACC5E-625E-4703-8C27-BE5F2A0373E3}.Release|x64.Build.0 = Release|x64
		{8CBACC5E-625E-4703-8C27-BE5F2A0373E3}.Release|x86.ActiveCfg = Release|Win32
		{8CBACC5E-625E-4703-8C27-BE5F2A0373E3}.Release|x86.Build.0 = Release|Win32
		{8CBACC5E-625E-4703-8C27-BE5F2A0373E3}.RelWithDebInfo|ARM.ActiveCfg = Release|x64
		{8CBACC5E-625E-4703-8C27-BE5F2A0373E3}.RelWithDebInfo|ARM.Build.0 = Release|x64
		{8CBACC5E-625E-4703-8C27-BE5F2A0373E3}.RelWithDebInfo|x64.ActiveCfg = Release|x64
		{8CBACC5E-625E-4703-8C27-BE5F2A0373E3}.RelWithDebInfo|x64.Build.0 = Release|x64
		{8CBACC5E-625E-4703-8C27-BE5F2A0373E3}.RelWithDebInfo|x86.ActiveCfg = Release|Win32
		{8CBACC5E-625E-4703-8C27-BE5F2A0373E3}.RelWithDebInfo|x86.Build.0 = Release|Win32
		{AE03790D-C643-4DE6-ACD7-B1B6E5664E26}.Debug|ARM.ActiveCfg = Debug|x64
		{AE03790D-C643-4DE6-ACD7-B1B6E5664E26}.Debug|x64.ActiveCfg = Debug|x64
		{AE03790D-C643-4DE6-ACD7-B1B6E5664E26}.Debug|x64.Build.0 = Debug|x64
		{AE03790D-C643-4DE6-ACD7-B1B6E5664E26}.Debug|x86.ActiveCfg = Debug|x64
		{AE03790D-C643-4DE6-ACD7-B1B6E5664E26}.MinSizeRel|ARM.ActiveCfg = Release|x64
		{AE03790D-C643-4DE6-ACD7-B1B6E5664E26}.MinSizeRel|ARM.Build.0 = Release|x64
		{AE03790D-C643-4DE6-ACD7-B1B6E5664E26}.MinSizeRel|x64.ActiveCfg = Release|x64
		{AE03790D-C643-4DE6-ACD7-B1B6E5664E26}.MinSizeRel|x64.Build.0 = Release|x64
		{AE03790D-C643-4DE6-ACD7-B1B6E5664E26}.MinSizeRel|x86.ActiveCfg = Release|x64
		{AE03790D-C643-4DE6-ACD7-B1B6E5664E26}.MinSizeRel|x86.Build.0 = Release|x64
		{AE03790D-C643-4DE6-ACD7-B1B6E5664E26}.Release|ARM.ActiveCfg = Release|x64
		{AE03790D-C643-4DE6-ACD7-B1B6E5664E26}.Release|x64.ActiveCfg = Release|x64
		{AE03790D-C643-4DE6-ACD7-B1B6E5664E26}.Release|x64.Build.0 = Release|x64
		{AE03790D-C643-4DE6-ACD7-B1B6E5664E26}.Release|x86.ActiveCfg = Debug|x64
		{AE03790D-C643-4DE6-ACD7-B1B6E5664E26}.Release|x86.Build.0 = Debug|x64
		{AE03790D-C643-4DE6-ACD7-B1B6E5664E26}.RelWithDebInfo|ARM.ActiveCfg = Release|x64
		{AE03790D-C643-4DE6-ACD7-B1B6E5664E26}.RelWithDebInfo|ARM.Build.0 = Release|x64
		{AE03790D-C643-4DE6-ACD7-B1B6E5664E26}.RelWithDebInfo|x64.ActiveCfg = Release|x64
		{AE03790D-C643-4DE6-ACD7-B1B6E5664E26}.RelWithDebInfo|x64.Build.0 = Release|x64
		{AE03790D-C643-4DE6-ACD7-B1B6E5664E26}.RelWithDebInfo|x86.ActiveCfg = Release|x64
		{AE03790D-C643-4DE6-ACD7-B1B6E5664E26}.RelWithDebInfo|x86.Build.0 = Release|x64
		{4740EEB7-B7EA-47F0-81DF-BF2F770DBA14}.Debug|ARM.ActiveCfg = Debug|Win32
		{4740EEB7-B7EA-47F0-81DF-BF2F770DBA14}.Debug|x64.ActiveCfg = Debug|x64
		{4740EEB7-B7EA-47F0-81DF-BF2F770DBA14}.Debug|x64.Build.0 = Debug|x64
		{4740EEB7-B7EA-47F0-81DF-BF2F770DBA14}.Debug|x86.ActiveCfg = Debug|Win32
		{4740EEB7-B7EA-47F0-81DF-BF2F770DBA14}.Debug|x86.Build.0 = Debug|Win32
		{4740EEB7-B7EA-47F0-81DF-BF2F770DBA14}.MinSizeRel|ARM.ActiveCfg = Release|x64
		{4740EEB7-B7EA-47F0-81DF-BF2F770DBA14}.MinSizeRel|ARM.Build.0 = Release|x64
		{4740EEB7-B7EA-47F0-81DF-BF2F770DBA14}.MinSizeRel|x64.ActiveCfg = Release|x64
		{4740EEB7-B7EA-47F0-81DF-BF2F770DBA14}.MinSizeRel|x64.Build.0 = Release|x64
		{4740EEB7-B7EA-47F0-81DF-BF2F770DBA14}.MinSizeRel|x86.ActiveCfg = Release|Win32
		{4740EEB7-B7EA-47F0-81DF-BF2F770DBA14}.MinSizeRel|x86.Build.0 = Release|Win32
		{4740EEB7-B7EA-47F0-81DF-BF2F770DBA14}.Release|ARM.ActiveCfg = Release|Win32
		{4740EEB7-B7EA-47F0-81DF-BF2F770DBA14}.Release|x64.ActiveCfg = Release|x64
		{4740EEB7-B7EA-47F0-81DF-BF2F770DBA14}.Release|x64.Build.0 = Release|x64
		{4740EEB7-B7EA-47F0-81DF-BF2F770DBA14}.Release|x86.ActiveCfg = Release|Win32
		{4740EEB7-B7EA-47F0-81DF-BF2F770DBA14}.Release|x86.Build.0 = Release|Win32
		{4740EEB7-B7EA-47F0-81DF-BF2F770DBA14}.RelWithDebInfo|ARM.ActiveCfg = Release|x64
		{4740EEB7-B7EA-47F0-81DF-BF2F770DBA14}.RelWithDebInfo|ARM.Build.0 = Release|x64
		{4740EEB7-B7EA-47F0-81DF-BF2F770DBA14}.RelWithDebInfo|x64.ActiveCfg = Release|x64
		{4740EEB7-B7EA-47F0-81DF-BF2F770DBA14}.RelWithDebInfo|x64.Build.0 = Release|x64
		{4740EEB7-B7EA-47F0-81DF-BF2F770DBA14}.RelWithDebInfo|x86.ActiveCfg = Release|Win32
		{4740EEB7-B7EA-47F0-81DF-BF2F770DBA14}.RelWithDebInfo|x86.Build.0 = Release|Win32
		{EF3508BB-D71E-488D-8CAA-19B0FEAADFB8}.Debug|ARM.ActiveCfg = Debug|Win32
		{EF3508BB-D71E-488D-8CAA-19B0FEAADFB8}.Debug|x64.ActiveCfg = Debug|x64
		{EF3508BB-D71E-488D-8CAA-19B0FEAADFB8}.Debug|x64.Build.0 = Debug|x64
		{EF3508BB-D71E-488D-8CAA-19B0FEAADFB8}.Debug|x86.ActiveCfg = Debug|Win32
		{EF3508BB-D71E-488D-8CAA-19B0FEAADFB8}.Debug|x86.Build.0 = Debug|Win32
		{EF3508BB-D71E-488D-8CAA-19B0FEAADFB8}.MinSizeRel|ARM.ActiveCfg = Release|x64
		{EF3508BB-D71E-488D-8CAA-19B0FEAADFB8}.MinSizeRel|ARM.Build.0 = Release|x64
		{EF3508BB-D71E-488D-8CAA-19B0FEAADFB8}.MinSizeRel|x64.ActiveCfg = Release|x64
		{EF3508BB-D71E-488D-8CAA-19B0FEAADFB8}.MinSizeRel|x64.Build.0 = Release|x64
		{EF3508BB-D71E-488D-8CAA-19B0FEAADFB8}.MinSizeRel|x86.ActiveCfg = Release|Win32
		{EF3508BB-D71E-488D-8CAA-19B0FEAADFB8}.MinSizeRel|x86.Build.0 = Release|Win32
		{EF3508BB-D71E-488D-8CAA-19B0FEAADFB8}.Release|ARM.ActiveCfg = Release|Win32
		{EF3508BB-D71E-488D-8CAA-19B0FEAADFB8}.Release|x64.ActiveCfg = Release|x64
		{EF3508BB-D71E-488D-8CAA-19B0FEAADFB8}.Release|x64.Build.0 = Release|x64
		{EF3508BB-D71E-488D-8CAA-19B0FEAADFB8}.Release|x86.ActiveCfg = Release|Win32
		{EF3508BB-D71E-488D-8CAA-19B0FEAADFB8}.Release|x86.Build.0 = Release|Win32
		{EF3508BB-D71E-488D-8CAA-19B0FEAADFB8}.RelWithDebInfo|ARM.ActiveCfg = Release|x64
		{EF3508BB-D71E-488D-8CAA-19B0FEAADFB8}.RelWithDebInfo|ARM.Build.0 = Release|x64
		{EF3508BB-D71E-488D-8CAA-19B0FEAADFB8}.RelWithDebInfo|x64.ActiveCfg = Release|x64
		{EF3508BB-D71E-488D-8CAA-19B0FEAADFB8}.RelWithDebInfo|x64.Build.0 = Release|x64
		{EF3508BB-D71E-488D-8CAA-19B0FEAADFB8}.RelWithDebInfo|x86.ActiveCfg = Release|Win32
		{EF3508BB-D71E-488D-8CAA-19B0FEAADFB8}.RelWithDebInfo|x86.Build.0 = Release|Win32
		{BF8F50A2-3794-4D4A-8B03-10783A4AA4B5}.Debug|ARM.ActiveCfg = Debug|x64
		{BF8F50A2-3794-4D4A-8B03-10783A4AA4B5}.Debug|x64.ActiveCfg = Debug|x64
		{BF8F50A2-3794-4D4A-8B03-10783A4AA4B5}.Debug|x64.Build.0 = Debug|x64
		{BF8F50A2-3794-4D4A-8B03-10783A4AA4B5}.Debug|x86.ActiveCfg = Debug|x64
		{BF8F50A2-3794-4D4A-8B03-10783A4AA4B5}.MinSizeRel|ARM.ActiveCfg = Release|x64
		{BF8F50A2-3794-4D4A-8B03-10783A4AA4B5}.MinSizeRel|x64.ActiveCfg = Release|x64
		{BF8F50A2-3794-4D4A-8B03-10783A4AA4B5}.MinSizeRel|x86.ActiveCfg = Release|x64
		{BF8F50A2-3794-4D4A-8B03-10783A4AA4B5}.Release|ARM.ActiveCfg = Release|x64
		{BF8F50A2-3794-4D4A-8B03-10783A4AA4B5}.Release|x64.ActiveCfg = Release|x64
		{BF8F50A2-3794-4D4A-8B03-10783A4AA4B5}.Release|x64.Build.0 = Release|x64
		{BF8F50A2-3794-4D4A-8B03-10783A4AA4B5}.Release|x86.ActiveCfg = Release|x64
		{BF8F50A2-3794-4D4A-8B03-10783A4AA4B5}.RelWithDebInfo|ARM.ActiveCfg = Release|x64
		{BF8F50A2-3794-4D4A-8B03-10783A4AA4B5}.RelWithDebInfo|x64.ActiveCfg = Release|x64
		{BF8F50A2-3794-4D4A-8B03-10783A4AA4B5}.RelWithDebInfo|x86.ActiveCfg = Release|x64
	EndGlobalSection
	GlobalSection(SolutionProperties) = preSolution
		HideSolutionNode = FALSE
	EndGlobalSection
	GlobalSection(NestedProjects) = preSolution
		{D578244B-91CE-414F-8279-6E39212FF632} = {A71FC343-6712-4154-BB6A-668D7B083F92}
		{D1C528B6-AA02-4D29-9D61-DC08E317A70D} = {A71FC343-6712-4154-BB6A-668D7B083F92}
		{8CBACC5E-625E-4703-8C27-BE5F2A0373E3} = {A71FC343-6712-4154-BB6A-668D7B083F92}
		{4740EEB7-B7EA-47F0-81DF-BF2F770DBA14} = {6A6CC2AD-D307-42B2-A565-86A850427F02}
		{EF3508BB-D71E-488D-8CAA-19B0FEAADFB8} = {6A6CC2AD-D307-42B2-A565-86A850427F02}
	EndGlobalSection
EndGlobal
